
Microsoft Visual Studio Solution File, Format Version 12.00
# Visual Studio Version 17
VisualStudioVersion = 17.4.33213.308
MinimumVisualStudioVersion = 10.0.40219.1
Project("{FAE04EC0-301F-11D3-BF4B-00C04F79EFBC}") = "Lab16", "Lab16\Lab16.csproj", "{362481B2-E52E-41DD-B827-FDA032F7DE49}"
EndProject
Global
	GlobalSection(SolutionConfigurationPlatforms) = preSolution
		Debug|Any CPU = Debug|Any CPU
		Release|Any CPU = Release|Any CPU
	EndGlobalSection
	GlobalSection(ProjectConfigurationPlatforms) = postSolution
		{362481B2-E52E-41DD-B827-FDA032F7DE49}.Debug|Any CPU.ActiveCfg = Debug|Any CPU
		{362481B2-E52E-41DD-B827-FDA032F7DE49}.Debug|Any CPU.Build.0 = Debug|Any CPU
		{362481B2-E52E-41DD-B827-FDA032F7DE49}.Release|Any CPU.ActiveCfg = Release|Any CPU
		{362481B2-E52E-41DD-B827-FDA032F7DE49}.Release|Any CPU.Build.0 = Release|Any CPU
	EndGlobalSection
	GlobalSection(SolutionProperties) = preSolution
		HideSolutionNode = FALSE
	EndGlobalSection
	GlobalSection(ExtensibilityGlobals) = postSolution
		SolutionGuid = {ABBBE4FA-0A3B-41FA-8F1A-DB72CB361D23}
	EndGlobalSection
EndGlobal
